
Microsoft Visual Studio Solution File, Format Version 12.00
# Visual Studio 15
VisualStudioVersion = 15.0.27703.2047
MinimumVisualStudioVersion = 10.0.40219.1
Project("{9A19103F-16F7-4668-BE54-9A1E7A4F7556}") = "BMB.Core.Tests", "BMB.Core.Tests\BMB.Core.Tests.csproj", "{1DAFF0A7-A3F4-4DF4-89EF-C427F402C23F}"
EndProject
Project("{9A19103F-16F7-4668-BE54-9A1E7A4F7556}") = "BMB.Core", "BMB.Core\BMB.Core.csproj", "{61F4FDEB-F298-4149-91D6-E4295F72C8CD}"
EndProject
Project("{9A19103F-16F7-4668-BE54-9A1E7A4F7556}") = "BMB.WoW", "BMB.WoW\BMB.WoW.csproj", "{7146CC4A-B8AE-465B-BB7C-06D1049741BB}"
EndProject
Project("{9A19103F-16F7-4668-BE54-9A1E7A4F7556}") = "AppRunner", "AppRunner\AppRunner.csproj", "{8D5A967F-424A-45D2-8714-5E7B70F44740}"
EndProject
Global
	GlobalSection(SolutionConfigurationPlatforms) = preSolution
		Debug|Any CPU = Debug|Any CPU
		Release|Any CPU = Release|Any CPU
	EndGlobalSection
	GlobalSection(ProjectConfigurationPlatforms) = postSolution
		{1DAFF0A7-A3F4-4DF4-89EF-C427F402C23F}.Debug|Any CPU.ActiveCfg = Debug|Any CPU
		{1DAFF0A7-A3F4-4DF4-89EF-C427F402C23F}.Debug|Any CPU.Build.0 = Debug|Any CPU
		{1DAFF0A7-A3F4-4DF4-89EF-C427F402C23F}.Release|Any CPU.ActiveCfg = Release|Any CPU
		{1DAFF0A7-A3F4-4DF4-89EF-C427F402C23F}.Release|Any CPU.Build.0 = Release|Any CPU
		{61F4FDEB-F298-4149-91D6-E4295F72C8CD}.Debug|Any CPU.ActiveCfg = Debug|Any CPU
		{61F4FDEB-F298-4149-91D6-E4295F72C8CD}.Debug|Any CPU.Build.0 = Debug|Any CPU
		{61F4FDEB-F298-4149-91D6-E4295F72C8CD}.Release|Any CPU.ActiveCfg = Release|Any CPU
		{61F4FDEB-F298-4149-91D6-E4295F72C8CD}.Release|Any CPU.Build.0 = Release|Any CPU
		{7146CC4A-B8AE-465B-BB7C-06D1049741BB}.Debug|Any CPU.ActiveCfg = Debug|Any CPU
		{7146CC4A-B8AE-465B-BB7C-06D1049741BB}.Debug|Any CPU.Build.0 = Debug|Any CPU
		{7146CC4A-B8AE-465B-BB7C-06D1049741BB}.Release|Any CPU.ActiveCfg = Release|Any CPU
		{7146CC4A-B8AE-465B-BB7C-06D1049741BB}.Release|Any CPU.Build.0 = Release|Any CPU
		{8D5A967F-424A-45D2-8714-5E7B70F44740}.Debug|Any CPU.ActiveCfg = Debug|Any CPU
		{8D5A967F-424A-45D2-8714-5E7B70F44740}.Debug|Any CPU.Build.0 = Debug|Any CPU
		{8D5A967F-424A-45D2-8714-5E7B70F44740}.Release|Any CPU.ActiveCfg = Release|Any CPU
		{8D5A967F-424A-45D2-8714-5E7B70F44740}.Release|Any CPU.Build.0 = Release|Any CPU
	EndGlobalSection
	GlobalSection(SolutionProperties) = preSolution
		HideSolutionNode = FALSE
	EndGlobalSection
	GlobalSection(ExtensibilityGlobals) = postSolution
		SolutionGuid = {31ECE2C4-34A9-4237-85ED-B2030E5A843A}
	EndGlobalSection
EndGlobal
